{
  "nodes": {
    "flake-utils": {
      "inputs": {
        "systems": "systems"
      },
      "locked": {
        "lastModified": 1731533236,
        "narHash": "sha256-l0KFg5HjrsfsO/JpG+r7fRrqm12kzFHyUHqHCVpMMbI=",
        "owner": "numtide",
        "repo": "flake-utils",
        "rev": "11707dc2f618dd54ca8739b309ec4fc024de578b",
        "type": "github"
      },
      "original": {
        "owner": "numtide",
        "repo": "flake-utils",
        "type": "github"
      }
    },
    "home-manager": {
      "inputs": {
        "nixpkgs": [
          "nixpkgs"
        ]
      },
      "locked": {
        "lastModified": 1735381016,
        "narHash": "sha256-CyCZFhMUkuYbSD6bxB/r43EdmDE7hYeZZPTCv0GudO4=",
        "owner": "nix-community",
        "repo": "home-manager",
        "rev": "10e99c43cdf4a0713b4e81d90691d22c6a58bdf2",
        "type": "github"
      },
      "original": {
        "owner": "nix-community",
        "repo": "home-manager",
        "type": "github"
      }
    },
    "nixgl": {
      "inputs": {
        "flake-utils": [
          "flake-utils"
        ],
        "nixpkgs": [
          "nixpkgs"
        ]
      },
      "locked": {
        "lastModified": 1713543440,
        "narHash": "sha256-lnzZQYG0+EXl/6NkGpyIz+FEOc/DSEG57AP1VsdeNrM=",
        "owner": "nix-community",
        "repo": "nixGL",
        "rev": "310f8e49a149e4c9ea52f1adf70cdc768ec53f8a",
        "type": "github"
      },
      "original": {
        "owner": "nix-community",
        "repo": "nixGL",
        "type": "github"
      }
    },
    "nixpkgs": {
      "locked": {
        "lastModified": 1735487189,
        "narHash": "sha256-mNvdz9lgBl86GRz2XioogXxhHgUm5hUJwiFTDLovnMw=",
        "owner": "nixos",
        "repo": "nixpkgs",
        "rev": "1d4fc089af1684fabd967f596aa4949eaaf8cecd",
        "type": "github"
      },
      "original": {
        "owner": "nixos",
        "repo": "nixpkgs",
        "type": "github"
      }
    },
    "ocaml": {
      "inputs": {
        "nixpkgs": [
          "nixpkgs"
        ]
      },
      "locked": {
        "lastModified": 1735451414,
        "narHash": "sha256-+VwEZJy81q0358LlOusI7x0STI7xaJAnVBaYqrRd5VY=",
        "owner": "nix-ocaml",
        "repo": "nix-overlays",
        "rev": "55701e1298064b54285944df78e297b4dae81e96",
        "type": "github"
      },
      "original": {
        "owner": "nix-ocaml",
        "repo": "nix-overlays",
        "type": "github"
      }
    },
    "root": {
      "inputs": {
        "flake-utils": "flake-utils",
        "home-manager": "home-manager",
        "nixgl": "nixgl",
        "nixpkgs": "nixpkgs",
        "ocaml": "ocaml",
        "tree-sitter-cram-src": "tree-sitter-cram-src",
        "tree-sitter-dune-src": "tree-sitter-dune-src"
      }
    },
    "systems": {
      "locked": {
        "lastModified": 1681028828,
        "narHash": "sha256-Vy1rq5AaRuLzOxct8nz4T6wlgyUR7zLU309k9mBC768=",
        "owner": "nix-systems",
        "repo": "default",
        "rev": "da67096a3b9bf56a91d16901293e51ba5b49a27e",
        "type": "github"
      },
      "original": {
        "owner": "nix-systems",
        "repo": "default",
        "type": "github"
      }
    },
    "tree-sitter-cram-src": {
      "flake": false,
      "locked": {
        "lastModified": 1720532423,
        "narHash": "sha256-CcLbZyHNKLA7NoQ3SLWEBCh5Y/dmzcSGQjs6iCrCFVY=",
        "owner": "tjdevries",
        "repo": "tree-sitter-cram",
        "rev": "8cb450dfc5548b1aed2be5b3cd735c123b6fa6a8",
        "type": "github"
      },
      "original": {
        "owner": "tjdevries",
        "repo": "tree-sitter-cram",
        "type": "github"
      }
    },
    "tree-sitter-dune-src": {
      "flake": false,
      "locked": {
        "lastModified": 1722331808,
        "narHash": "sha256-GBgT+FpkCoMJF6im/fhFw42Pcx9p0vw1qJqy8s9eYp0=",
        "owner": "emillon",
        "repo": "tree-sitter-dune",
        "rev": "209dc5de55f58c12dbccf021410b3430e55d44d0",
        "type": "github"
      },
      "original": {
        "owner": "emillon",
        "repo": "tree-sitter-dune",
        "type": "github"
      }
    }
  },
  "root": "root",
  "version": 7
}
