{
  "nodes": {
    "flake-utils": {
      "inputs": {
        "systems": "systems"
      },
      "locked": {
        "lastModified": 1710146030,
        "narHash": "sha256-SZ5L6eA7HJ/nmkzGG7/ISclqe6oZdOZTNoesiInkXPQ=",
        "owner": "numtide",
        "repo": "flake-utils",
        "rev": "b1d9ab70662946ef0850d488da1c9019f3a9752a",
        "type": "github"
      },
      "original": {
        "owner": "numtide",
        "repo": "flake-utils",
        "type": "github"
      }
    },
    "home-manager": {
      "inputs": {
        "nixpkgs": [
          "nixpkgs"
        ]
      },
      "locked": {
        "lastModified": 1726440980,
        "narHash": "sha256-ChhIrjtdu5d83W+YDRH+Ec5g1MmM0xk6hJnkz15Ot7M=",
        "owner": "nix-community",
        "repo": "home-manager",
        "rev": "a9c9cc6e50f7cbd2d58ccb1cd46a1e06e9e445ff",
        "type": "github"
      },
      "original": {
        "owner": "nix-community",
        "repo": "home-manager",
        "type": "github"
      }
    },
    "nixgl": {
      "inputs": {
        "flake-utils": [
          "flake-utils"
        ],
        "nixpkgs": [
          "nixpkgs"
        ]
      },
      "locked": {
        "lastModified": 1713543440,
        "narHash": "sha256-lnzZQYG0+EXl/6NkGpyIz+FEOc/DSEG57AP1VsdeNrM=",
        "owner": "nix-community",
        "repo": "nixGL",
        "rev": "310f8e49a149e4c9ea52f1adf70cdc768ec53f8a",
        "type": "github"
      },
      "original": {
        "owner": "nix-community",
        "repo": "nixGL",
        "type": "github"
      }
    },
    "nixpkgs": {
      "locked": {
        "lastModified": 1726470395,
        "narHash": "sha256-1bs9530aCHNECMq8wCY4/266R1wOwFauOaN+tZApeE8=",
        "owner": "nixos",
        "repo": "nixpkgs",
        "rev": "f9e21602e2b6954ee32056c9525dc150babf5dc5",
        "type": "github"
      },
      "original": {
        "owner": "nixos",
        "repo": "nixpkgs",
        "type": "github"
      }
    },
    "ocaml": {
      "inputs": {
        "flake-utils": [
          "flake-utils"
        ],
        "nixpkgs": [
          "nixpkgs"
        ]
      },
      "locked": {
        "lastModified": 1726437536,
        "narHash": "sha256-SvRrLanc4b43rdNDb5QmxvUK0Ycpyba3t+SAC1YX7lw=",
        "owner": "nix-ocaml",
        "repo": "nix-overlays",
        "rev": "511ee4f663b2efeb366a728c66611717c87bf9c2",
        "type": "github"
      },
      "original": {
        "owner": "nix-ocaml",
        "repo": "nix-overlays",
        "type": "github"
      }
    },
    "root": {
      "inputs": {
        "flake-utils": "flake-utils",
        "home-manager": "home-manager",
        "nixgl": "nixgl",
        "nixpkgs": "nixpkgs",
        "ocaml": "ocaml",
        "tree-sitter-cram-src": "tree-sitter-cram-src",
        "tree-sitter-dune-src": "tree-sitter-dune-src"
      }
    },
    "systems": {
      "locked": {
        "lastModified": 1681028828,
        "narHash": "sha256-Vy1rq5AaRuLzOxct8nz4T6wlgyUR7zLU309k9mBC768=",
        "owner": "nix-systems",
        "repo": "default",
        "rev": "da67096a3b9bf56a91d16901293e51ba5b49a27e",
        "type": "github"
      },
      "original": {
        "owner": "nix-systems",
        "repo": "default",
        "type": "github"
      }
    },
    "tree-sitter-cram-src": {
      "flake": false,
      "locked": {
        "lastModified": 1720532423,
        "narHash": "sha256-CcLbZyHNKLA7NoQ3SLWEBCh5Y/dmzcSGQjs6iCrCFVY=",
        "owner": "tjdevries",
        "repo": "tree-sitter-cram",
        "rev": "8cb450dfc5548b1aed2be5b3cd735c123b6fa6a8",
        "type": "github"
      },
      "original": {
        "owner": "tjdevries",
        "repo": "tree-sitter-cram",
        "type": "github"
      }
    },
    "tree-sitter-dune-src": {
      "flake": false,
      "locked": {
        "lastModified": 1722331808,
        "narHash": "sha256-GBgT+FpkCoMJF6im/fhFw42Pcx9p0vw1qJqy8s9eYp0=",
        "owner": "emillon",
        "repo": "tree-sitter-dune",
        "rev": "209dc5de55f58c12dbccf021410b3430e55d44d0",
        "type": "github"
      },
      "original": {
        "owner": "emillon",
        "repo": "tree-sitter-dune",
        "type": "github"
      }
    }
  },
  "root": "root",
  "version": 7
}
