{
  "nodes": {
    "home-manager": {
      "inputs": {
        "nixpkgs": [
          "nixpkgs"
        ]
      },
      "locked": {
        "lastModified": 1681690464,
        "narHash": "sha256-x8pw8KAb9TJsszbCHUBK2bWvgYPlCjwHMV1dF95eZPs=",
        "owner": "nix-community",
        "repo": "home-manager",
        "rev": "53bd74f786934997e7f6a5ed9741b226e511e508",
        "type": "github"
      },
      "original": {
        "owner": "nix-community",
        "repo": "home-manager",
        "type": "github"
      }
    },
    "nixpkgs": {
      "locked": {
        "lastModified": 1681667556,
        "narHash": "sha256-Z5+b5oUN7pwI/hIn9hWFbMm00A+zerVit1WImvg8jBo=",
        "owner": "nixos",
        "repo": "nixpkgs",
        "rev": "39fa012bf8104323f89e62a293de90aebd0a6672",
        "type": "github"
      },
      "original": {
        "owner": "nixos",
        "ref": "nixos-22.11",
        "repo": "nixpkgs",
        "type": "github"
      }
    },
    "root": {
      "inputs": {
        "home-manager": "home-manager",
        "nixpkgs": "nixpkgs"
      }
    }
  },
  "root": "root",
  "version": 7
}
